// !$*UTF8*$!
{
	archiveVersion = 1;
	classes = {
	};
	objectVersion = 50;
	objects = {

/* Begin PBXBuildFile section */
		577D0ACD20A595EB0005968E /* AppDelegate.swift in Sources */ = {isa = PBXBuildFile; fileRef = 577D0ACC20A595EB0005968E /* AppDelegate.swift */; };
		577D0ACF20A595EB0005968E /* ViewController.swift in Sources */ = {isa = PBXBuildFile; fileRef = 577D0ACE20A595EB0005968E /* ViewController.swift */; };
		577D0AD220A595EB0005968E /* Main.storyboard in Resources */ = {isa = PBXBuildFile; fileRef = 577D0AD020A595EB0005968E /* Main.storyboard */; };
		577D0AD420A595ED0005968E /* Assets.xcassets in Resources */ = {isa = PBXBuildFile; fileRef = 577D0AD320A595ED0005968E /* Assets.xcassets */; };
		577D0AD720A595ED0005968E /* LaunchScreen.storyboard in Resources */ = {isa = PBXBuildFile; fileRef = 577D0AD520A595ED0005968E /* LaunchScreen.storyboard */; };
		577D0AE220A595EE0005968E /* CollectionViewTests.swift in Sources */ = {isa = PBXBuildFile; fileRef = 577D0AE120A595EE0005968E /* CollectionViewTests.swift */; };
		577D0AED20A595EE0005968E /* CollectionViewUITests.swift in Sources */ = {isa = PBXBuildFile; fileRef = 577D0AEC20A595EE0005968E /* CollectionViewUITests.swift */; };
		577D0AFB20A599390005968E /* CollectionViewController.swift in Sources */ = {isa = PBXBuildFile; fileRef = 577D0AFA20A599390005968E /* CollectionViewController.swift */; };
/* End PBXBuildFile section */

/* Begin PBXContainerItemProxy section */
		577D0ADE20A595EE0005968E /* PBXContainerItemProxy */ = {
			isa = PBXContainerItemProxy;
			containerPortal = 577D0AC120A595EB0005968E /* Project object */;
			proxyType = 1;
			remoteGlobalIDString = 577D0AC820A595EB0005968E;
			remoteInfo = CollectionView;
		};
		577D0AE920A595EE0005968E /* PBXContainerItemProxy */ = {
			isa = PBXContainerItemProxy;
			containerPortal = 577D0AC120A595EB0005968E /* Project object */;
			proxyType = 1;
			remoteGlobalIDString = 577D0AC820A595EB0005968E;
			remoteInfo = CollectionView;
		};
/* End PBXContainerItemProxy section */

/* Begin PBXFileReference section */
		577D0AC920A595EB0005968E /* CollectionView.app */ = {isa = PBXFileReference; explicitFileType = wrapper.application; includeInIndex = 0; path = CollectionView.app; sourceTree = BUILT_PRODUCTS_DIR; };
		577D0ACC20A595EB0005968E /* AppDelegate.swift */ = {isa = PBXFileReference; lastKnownFileType = sourcecode.swift; path = AppDelegate.swift; sourceTree = "<group>"; };
		577D0ACE20A595EB0005968E /* ViewController.swift */ = {isa = PBXFileReference; lastKnownFileType = sourcecode.swift; path = ViewController.swift; sourceTree = "<group>"; };
		577D0AD120A595EB0005968E /* Base */ = {isa = PBXFileReference; lastKnownFileType = file.storyboard; name = Base; path = Base.lproj/Main.storyboard; sourceTree = "<group>"; };
		577D0AD320A595ED0005968E /* Assets.xcassets */ = {isa = PBXFileReference; lastKnownFileType = folder.assetcatalog; path = Assets.xcassets; sourceTree = "<group>"; };
		577D0AD620A595ED0005968E /* Base */ = {isa = PBXFileReference; lastKnownFileType = file.storyboard; name = Base; path = Base.lproj/LaunchScreen.storyboard; sourceTree = "<group>"; };
		577D0AD820A595ED0005968E /* Info.plist */ = {isa = PBXFileReference; lastKnownFileType = text.plist.xml; path = Info.plist; sourceTree = "<group>"; };
		577D0ADD20A595EE0005968E /* CollectionViewTests.xctest */ = {isa = PBXFileReference; explicitFileType = wrapper.cfbundle; includeInIndex = 0; path = CollectionViewTests.xctest; sourceTree = BUILT_PRODUCTS_DIR; };
		577D0AE120A595EE0005968E /* CollectionViewTests.swift */ = {isa = PBXFileReference; lastKnownFileType = sourcecode.swift; path = CollectionViewTests.swift; sourceTree = "<group>"; };
		577D0AE320A595EE0005968E /* Info.plist */ = {isa = PBXFileReference; lastKnownFileType = text.plist.xml; path = Info.plist; sourceTree = "<group>"; };
		577D0AE820A595EE0005968E /* CollectionViewUITests.xctest */ = {isa = PBXFileReference; explicitFileType = wrapper.cfbundle; includeInIndex = 0; path = CollectionViewUITests.xctest; sourceTree = BUILT_PRODUCTS_DIR; };
		577D0AEC20A595EE0005968E /* CollectionViewUITests.swift */ = {isa = PBXFileReference; lastKnownFileType = sourcecode.swift; path = CollectionViewUITests.swift; sourceTree = "<group>"; };
		577D0AEE20A595EE0005968E /* Info.plist */ = {isa = PBXFileReference; lastKnownFileType = text.plist.xml; path = Info.plist; sourceTree = "<group>"; };
		577D0AFA20A599390005968E /* CollectionViewController.swift */ = {isa = PBXFileReference; lastKnownFileType = sourcecode.swift; path = CollectionViewController.swift; sourceTree = "<group>"; };
/* End PBXFileReference section */

/* Begin PBXFrameworksBuildPhase section */
		577D0AC620A595EB0005968E /* Frameworks */ = {
			isa = PBXFrameworksBuildPhase;
			buildActionMask = 2147483647;
			files = (
			);
			runOnlyForDeploymentPostprocessing = 0;
		};
		577D0ADA20A595EE0005968E /* Frameworks */ = {
			isa = PBXFrameworksBuildPhase;
			buildActionMask = 2147483647;
			files = (
			);
			runOnlyForDeploymentPostprocessing = 0;
		};
		577D0AE520A595EE0005968E /* Frameworks */ = {
			isa = PBXFrameworksBuildPhase;
			buildActionMask = 2147483647;
			files = (
			);
			runOnlyForDeploymentPostprocessing = 0;
		};
/* End PBXFrameworksBuildPhase section */

/* Begin PBXGroup section */
		577D0AC020A595EB0005968E = {
			isa = PBXGroup;
			children = (
				577D0ACB20A595EB0005968E /* CollectionView */,
				577D0AE020A595EE0005968E /* CollectionViewTests */,
				577D0AEB20A595EE0005968E /* CollectionViewUITests */,
				577D0ACA20A595EB0005968E /* Products */,
			);
			sourceTree = "<group>";
		};
		577D0ACA20A595EB0005968E /* Products */ = {
			isa = PBXGroup;
			children = (
				577D0AC920A595EB0005968E /* CollectionView.app */,
				577D0ADD20A595EE0005968E /* CollectionViewTests.xctest */,
				577D0AE820A595EE0005968E /* CollectionViewUITests.xctest */,
			);
			name = Products;
			sourceTree = "<group>";
		};
		577D0ACB20A595EB0005968E /* CollectionView */ = {
			isa = PBXGroup;
			children = (
				577D0ACC20A595EB0005968E /* AppDelegate.swift */,
				577D0ACE20A595EB0005968E /* ViewController.swift */,
				577D0AD020A595EB0005968E /* Main.storyboard */,
				577D0AD320A595ED0005968E /* Assets.xcassets */,
				577D0AD520A595ED0005968E /* LaunchScreen.storyboard */,
				577D0AD820A595ED0005968E /* Info.plist */,
				577D0AFA20A599390005968E /* CollectionViewController.swift */,
			);
			path = CollectionView;
			sourceTree = "<group>";
		};
		577D0AE020A595EE0005968E /* CollectionViewTests */ = {
			isa = PBXGroup;
			children = (
				577D0AE120A595EE0005968E /* CollectionViewTests.swift */,
				577D0AE320A595EE0005968E /* Info.plist */,
			);
			path = CollectionViewTests;
			sourceTree = "<group>";
		};
		577D0AEB20A595EE0005968E /* CollectionViewUITests */ = {
			isa = PBXGroup;
			children = (
				577D0AEC20A595EE0005968E /* CollectionViewUITests.swift */,
				577D0AEE20A595EE0005968E /* Info.plist */,
			);
			path = CollectionViewUITests;
			sourceTree = "<group>";
		};
/* End PBXGroup section */

/* Begin PBXNativeTarget section */
		577D0AC820A595EB0005968E /* CollectionView */ = {
			isa = PBXNativeTarget;
			buildConfigurationList = 577D0AF120A595EE0005968E /* Build configuration list for PBXNativeTarget "CollectionView" */;
			buildPhases = (
				577D0AC520A595EB0005968E /* Sources */,
				577D0AC620A595EB0005968E /* Frameworks */,
				577D0AC720A595EB0005968E /* Resources */,
			);
			buildRules = (
			);
			dependencies = (
			);
			name = CollectionView;
			productName = CollectionView;
			productReference = 577D0AC920A595EB0005968E /* CollectionView.app */;
			productType = "com.apple.product-type.application";
		};
		577D0ADC20A595EE0005968E /* CollectionViewTests */ = {
			isa = PBXNativeTarget;
			buildConfigurationList = 577D0AF420A595EE0005968E /* Build configuration list for PBXNativeTarget "CollectionViewTests" */;
			buildPhases = (
				577D0AD920A595EE0005968E /* Sources */,
				577D0ADA20A595EE0005968E /* Frameworks */,
				577D0ADB20A595EE0005968E /* Resources */,
			);
			buildRules = (
			);
			dependencies = (
				577D0ADF20A595EE0005968E /* PBXTargetDependency */,
			);
			name = CollectionViewTests;
			productName = CollectionViewTests;
			productReference = 577D0ADD20A595EE0005968E /* CollectionViewTests.xctest */;
			productType = "com.apple.product-type.bundle.unit-test";
		};
		577D0AE720A595EE0005968E /* CollectionViewUITests */ = {
			isa = PBXNativeTarget;
			buildConfigurationList = 577D0AF720A595EE0005968E /* Build configuration list for PBXNativeTarget "CollectionViewUITests" */;
			buildPhases = (
				577D0AE420A595EE0005968E /* Sources */,
				577D0AE520A595EE0005968E /* Frameworks */,
				577D0AE620A595EE0005968E /* Resources */,
			);
			buildRules = (
			);
			dependencies = (
				577D0AEA20A595EE0005968E /* PBXTargetDependency */,
			);
			name = CollectionViewUITests;
			productName = CollectionViewUITests;
			productReference = 577D0AE820A595EE0005968E /* CollectionViewUITests.xctest */;
			productType = "com.apple.product-type.bundle.ui-testing";
		};
/* End PBXNativeTarget section */

/* Begin PBXProject section */
		577D0AC120A595EB0005968E /* Project object */ = {
			isa = PBXProject;
			attributes = {
				LastSwiftUpdateCheck = 0930;
				LastUpgradeCheck = 0930;
				ORGANIZATIONNAME = "Kohei Adachi";
				TargetAttributes = {
					577D0AC820A595EB0005968E = {
						CreatedOnToolsVersion = 9.3;
					};
					577D0ADC20A595EE0005968E = {
						CreatedOnToolsVersion = 9.3;
						TestTargetID = 577D0AC820A595EB0005968E;
					};
					577D0AE720A595EE0005968E = {
						CreatedOnToolsVersion = 9.3;
						TestTargetID = 577D0AC820A595EB0005968E;
					};
				};
			};
			buildConfigurationList = 577D0AC420A595EB0005968E /* Build configuration list for PBXProject "CollectionView" */;
			compatibilityVersion = "Xcode 9.3";
			developmentRegion = en;
			hasScannedForEncodings = 0;
			knownRegions = (
				en,
				Base,
			);
			mainGroup = 577D0AC020A595EB0005968E;
			productRefGroup = 577D0ACA20A595EB0005968E /* Products */;
			projectDirPath = "";
			projectRoot = "";
			targets = (
				577D0AC820A595EB0005968E /* CollectionView */,
				577D0ADC20A595EE0005968E /* CollectionViewTests */,
				577D0AE720A595EE0005968E /* CollectionViewUITests */,
			);
		};
/* End PBXProject section */

/* Begin PBXResourcesBuildPhase section */
		577D0AC720A595EB0005968E /* Resources */ = {
			isa = PBXResourcesBuildPhase;
			buildActionMask = 2147483647;
			files = (
				577D0AD720A595ED0005968E /* LaunchScreen.storyboard in Resources */,
				577D0AD420A595ED0005968E /* Assets.xcassets in Resources */,
				577D0AD220A595EB0005968E /* Main.storyboard in Resources */,
			);
			runOnlyForDeploymentPostprocessing = 0;
		};
		577D0ADB20A595EE0005968E /* Resources */ = {
			isa = PBXResourcesBuildPhase;
			buildActionMask = 2147483647;
			files = (
			);
			runOnlyForDeploymentPostprocessing = 0;
		};
		577D0AE620A595EE0005968E /* Resources */ = {
			isa = PBXResourcesBuildPhase;
			buildActionMask = 2147483647;
			files = (
			);
			runOnlyForDeploymentPostprocessing = 0;
		};
/* End PBXResourcesBuildPhase section */

/* Begin PBXSourcesBuildPhase section */
		577D0AC520A595EB0005968E /* Sources */ = {
			isa = PBXSourcesBuildPhase;
			buildActionMask = 2147483647;
			files = (
				577D0AFB20A599390005968E /* CollectionViewController.swift in Sources */,
				577D0ACF20A595EB0005968E /* ViewController.swift in Sources */,
				577D0ACD20A595EB0005968E /* AppDelegate.swift in Sources */,
			);
			runOnlyForDeploymentPostprocessing = 0;
		};
		577D0AD920A595EE0005968E /* Sources */ = {
			isa = PBXSourcesBuildPhase;
			buildActionMask = 2147483647;
			files = (
				577D0AE220A595EE0005968E /* CollectionViewTests.swift in Sources */,
			);
			runOnlyForDeploymentPostprocessing = 0;
		};
		577D0AE420A595EE0005968E /* Sources */ = {
			isa = PBXSourcesBuildPhase;
			buildActionMask = 2147483647;
			files = (
				577D0AED20A595EE0005968E /* CollectionViewUITests.swift in Sources */,
			);
			runOnlyForDeploymentPostprocessing = 0;
		};
/* End PBXSourcesBuildPhase section */

/* Begin PBXTargetDependency section */
		577D0ADF20A595EE0005968E /* PBXTargetDependency */ = {
			isa = PBXTargetDependency;
			target = 577D0AC820A595EB0005968E /* CollectionView */;
			targetProxy = 577D0ADE20A595EE0005968E /* PBXContainerItemProxy */;
		};
		577D0AEA20A595EE0005968E /* PBXTargetDependency */ = {
			isa = PBXTargetDependency;
			target = 577D0AC820A595EB0005968E /* CollectionView */;
			targetProxy = 577D0AE920A595EE0005968E /* PBXContainerItemProxy */;
		};
/* End PBXTargetDependency section */

/* Begin PBXVariantGroup section */
		577D0AD020A595EB0005968E /* Main.storyboard */ = {
			isa = PBXVariantGroup;
			children = (
				577D0AD120A595EB0005968E /* Base */,
			);
			name = Main.storyboard;
			sourceTree = "<group>";
		};
		577D0AD520A595ED0005968E /* LaunchScreen.storyboard */ = {
			isa = PBXVariantGroup;
			children = (
				577D0AD620A595ED0005968E /* Base */,
			);
			name = LaunchScreen.storyboard;
			sourceTree = "<group>";
		};
/* End PBXVariantGroup section */

/* Begin XCBuildConfiguration section */
		577D0AEF20A595EE0005968E /* Debug */ = {
			isa = XCBuildConfiguration;
			buildSettings = {
				ALWAYS_SEARCH_USER_PATHS = NO;
				CLANG_ANALYZER_NONNULL = YES;
				CLANG_ANALYZER_NUMBER_OBJECT_CONVERSION = YES_AGGRESSIVE;
				CLANG_CXX_LANGUAGE_STANDARD = "gnu++14";
				CLANG_CXX_LIBRARY = "libc++";
				CLANG_ENABLE_MODULES = YES;
				CLANG_ENABLE_OBJC_ARC = YES;
				CLANG_ENABLE_OBJC_WEAK = YES;
				CLANG_WARN_BLOCK_CAPTURE_AUTORELEASING = YES;
				CLANG_WARN_BOOL_CONVERSION = YES;
				CLANG_WARN_COMMA = YES;
				CLANG_WARN_CONSTANT_CONVERSION = YES;
				CLANG_WARN_DEPRECATED_OBJC_IMPLEMENTATIONS = YES;
				CLANG_WARN_DIRECT_OBJC_ISA_USAGE = YES_ERROR;
				CLANG_WARN_DOCUMENTATION_COMMENTS = YES;
				CLANG_WARN_EMPTY_BODY = YES;
				CLANG_WARN_ENUM_CONVERSION = YES;
				CLANG_WARN_INFINITE_RECURSION = YES;
				CLANG_WARN_INT_CONVERSION = YES;
				CLANG_WARN_NON_LITERAL_NULL_CONVERSION = YES;
				CLANG_WARN_OBJC_IMPLICIT_RETAIN_SELF = YES;
				CLANG_WARN_OBJC_LITERAL_CONVERSION = YES;
				CLANG_WARN_OBJC_ROOT_CLASS = YES_ERROR;
				CLANG_WARN_RANGE_LOOP_ANALYSIS = YES;
				CLANG_WARN_STRICT_PROTOTYPES = YES;
				CLANG_WARN_SUSPICIOUS_MOVE = YES;
				CLANG_WARN_UNGUARDED_AVAILABILITY = YES_AGGRESSIVE;
				CLANG_WARN_UNREACHABLE_CODE = YES;
				CLANG_WARN__DUPLICATE_METHOD_MATCH = YES;
				CODE_SIGN_IDENTITY = "iPhone Developer";
				COPY_PHASE_STRIP = NO;
				DEBUG_INFORMATION_FORMAT = dwarf;
				ENABLE_STRICT_OBJC_MSGSEND = YES;
				ENABLE_TESTABILITY = YES;
				GCC_C_LANGUAGE_STANDARD = gnu11;
				GCC_DYNAMIC_NO_PIC = NO;
				GCC_NO_COMMON_BLOCKS = YES;
				GCC_OPTIMIZATION_LEVEL = 0;
				GCC_PREPROCESSOR_DEFINITIONS = (
					"DEBUG=1",
					"$(inherited)",
				);
				GCC_WARN_64_TO_32_BIT_CONVERSION = YES;
				GCC_WARN_ABOUT_RETURN_TYPE = YES_ERROR;
				GCC_WARN_UNDECLARED_SELECTOR = YES;
				GCC_WARN_UNINITIALIZED_AUTOS = YES_AGGRESSIVE;
				GCC_WARN_UNUSED_FUNCTION = YES;
				GCC_WARN_UNUSED_VARIABLE = YES;
				IPHONEOS_DEPLOYMENT_TARGET = 11.3;
				MTL_ENABLE_DEBUG_INFO = YES;
				ONLY_ACTIVE_ARCH = YES;
				SDKROOT = iphoneos;
				SWIFT_ACTIVE_COMPILATION_CONDITIONS = DEBUG;
				SWIFT_OPTIMIZATION_LEVEL = "-Onone";
			};
			name = Debug;
		};
		577D0AF020A595EE0005968E /* Release */ = {
			isa = XCBuildConfiguration;
			buildSettings = {
				ALWAYS_SEARCH_USER_PATHS = NO;
				CLANG_ANALYZER_NONNULL = YES;
				CLANG_ANALYZER_NUMBER_OBJECT_CONVERSION = YES_AGGRESSIVE;
				CLANG_CXX_LANGUAGE_STANDARD = "gnu++14";
				CLANG_CXX_LIBRARY = "libc++";
				CLANG_ENABLE_MODULES = YES;
				CLANG_ENABLE_OBJC_ARC = YES;
				CLANG_ENABLE_OBJC_WEAK = YES;
				CLANG_WARN_BLOCK_CAPTURE_AUTORELEASING = YES;
				CLANG_WARN_BOOL_CONVERSION = YES;
				CLANG_WARN_COMMA = YES;
				CLANG_WARN_CONSTANT_CONVERSION = YES;
				CLANG_WARN_DEPRECATED_OBJC_IMPLEMENTATIONS = YES;
				CLANG_WARN_DIRECT_OBJC_ISA_USAGE = YES_ERROR;
				CLANG_WARN_DOCUMENTATION_COMMENTS = YES;
				CLANG_WARN_EMPTY_BODY = YES;
				CLANG_WARN_ENUM_CONVERSION = YES;
				CLANG_WARN_INFINITE_RECURSION = YES;
				CLANG_WARN_INT_CONVERSION = YES;
				CLANG_WARN_NON_LITERAL_NULL_CONVERSION = YES;
				CLANG_WARN_OBJC_IMPLICIT_RETAIN_SELF = YES;
				CLANG_WARN_OBJC_LITERAL_CONVERSION = YES;
				CLANG_WARN_OBJC_ROOT_CLASS = YES_ERROR;
				CLANG_WARN_RANGE_LOOP_ANALYSIS = YES;
				CLANG_WARN_STRICT_PROTOTYPES = YES;
				CLANG_WARN_SUSPICIOUS_MOVE = YES;
				CLANG_WARN_UNGUARDED_AVAILABILITY = YES_AGGRESSIVE;
				CLANG_WARN_UNREACHABLE_CODE = YES;
				CLANG_WARN__DUPLICATE_METHOD_MATCH = YES;
				CODE_SIGN_IDENTITY = "iPhone Developer";
				COPY_PHASE_STRIP = NO;
				DEBUG_INFORMATION_FORMAT = "dwarf-with-dsym";
				ENABLE_NS_ASSERTIONS = NO;
				ENABLE_STRICT_OBJC_MSGSEND = YES;
				GCC_C_LANGUAGE_STANDARD = gnu11;
				GCC_NO_COMMON_BLOCKS = YES;
				GCC_WARN_64_TO_32_BIT_CONVERSION = YES;
				GCC_WARN_ABOUT_RETURN_TYPE = YES_ERROR;
				GCC_WARN_UNDECLARED_SELECTOR = YES;
				GCC_WARN_UNINITIALIZED_AUTOS = YES_AGGRESSIVE;
				GCC_WARN_UNUSED_FUNCTION = YES;
				GCC_WARN_UNUSED_VARIABLE = YES;
				IPHONEOS_DEPLOYMENT_TARGET = 11.3;
				MTL_ENABLE_DEBUG_INFO = NO;
				SDKROOT = iphoneos;
				SWIFT_COMPILATION_MODE = wholemodule;
				SWIFT_OPTIMIZATION_LEVEL = "-O";
				VALIDATE_PRODUCT = YES;
			};
			name = Release;
		};
		577D0AF220A595EE0005968E /* Debug */ = {
			isa = XCBuildConfiguration;
			buildSettings = {
				ASSETCATALOG_COMPILER_APPICON_NAME = AppIcon;
				CODE_SIGN_STYLE = Automatic;
				DEVELOPMENT_TEAM = CK6QEZR7Y5;
				INFOPLIST_FILE = CollectionView/Info.plist;
				LD_RUNPATH_SEARCH_PATHS = (
					"$(inherited)",
					"@executable_path/Frameworks",
				);
				PRODUCT_BUNDLE_IDENTIFIER = uitableview.CollectionView;
				PRODUCT_NAME = "$(TARGET_NAME)";
				SWIFT_VERSION = 4.0;
				TARGETED_DEVICE_FAMILY = "1,2";
			};
			name = Debug;
		};
		577D0AF320A595EE0005968E /* Release */ = {
			isa = XCBuildConfiguration;
			buildSettings = {
				ASSETCATALOG_COMPILER_APPICON_NAME = AppIcon;
				CODE_SIGN_STYLE = Automatic;
				DEVELOPMENT_TEAM = CK6QEZR7Y5;
				INFOPLIST_FILE = CollectionView/Info.plist;
				LD_RUNPATH_SEARCH_PATHS = (
					"$(inherited)",
					"@executable_path/Frameworks",
				);
				PRODUCT_BUNDLE_IDENTIFIER = uitableview.CollectionView;
				PRODUCT_NAME = "$(TARGET_NAME)";
				SWIFT_VERSION = 4.0;
				TARGETED_DEVICE_FAMILY = "1,2";
			};
			name = Release;
		};
		577D0AF520A595EE0005968E /* Debug */ = {
			isa = XCBuildConfiguration;
			buildSettings = {
				ALWAYS_EMBED_SWIFT_STANDARD_LIBRARIES = YES;
				BUNDLE_LOADER = "$(TEST_HOST)";
				CODE_SIGN_STYLE = Automatic;
				DEVELOPMENT_TEAM = CK6QEZR7Y5;
				INFOPLIST_FILE = CollectionViewTests/Info.plist;
				LD_RUNPATH_SEARCH_PATHS = (
					"$(inherited)",
					"@executable_path/Frameworks",
					"@loader_path/Frameworks",
				);
				PRODUCT_BUNDLE_IDENTIFIER = uitableview.CollectionViewTests;
				PRODUCT_NAME = "$(TARGET_NAME)";
				SWIFT_VERSION = 4.0;
				TARGETED_DEVICE_FAMILY = "1,2";
				TEST_HOST = "$(BUILT_PRODUCTS_DIR)/CollectionView.app/CollectionView";
			};
			name = Debug;
		};
		577D0AF620A595EE0005968E /* Release */ = {
			isa = XCBuildConfiguration;
			buildSettings = {
				ALWAYS_EMBED_SWIFT_STANDARD_LIBRARIES = YES;
				BUNDLE_LOADER = "$(TEST_HOST)";
				CODE_SIGN_STYLE = Automatic;
				DEVELOPMENT_TEAM = CK6QEZR7Y5;
				INFOPLIST_FILE = CollectionViewTests/Info.plist;
				LD_RUNPATH_SEARCH_PATHS = (
					"$(inherited)",
					"@executable_path/Frameworks",
					"@loader_path/Frameworks",
				);
				PRODUCT_BUNDLE_IDENTIFIER = uitableview.CollectionViewTests;
				PRODUCT_NAME = "$(TARGET_NAME)";
				SWIFT_VERSION = 4.0;
				TARGETED_DEVICE_FAMILY = "1,2";
				TEST_HOST = "$(BUILT_PRODUCTS_DIR)/CollectionView.app/CollectionView";
			};
			name = Release;
		};
		577D0AF820A595EE0005968E /* Debug */ = {
			isa = XCBuildConfiguration;
			buildSettings = {
				ALWAYS_EMBED_SWIFT_STANDARD_LIBRARIES = YES;
				CODE_SIGN_STYLE = Automatic;
				DEVELOPMENT_TEAM = CK6QEZR7Y5;
				INFOPLIST_FILE = CollectionViewUITests/Info.plist;
				LD_RUNPATH_SEARCH_PATHS = (
					"$(inherited)",
					"@executable_path/Frameworks",
					"@loader_path/Frameworks",
				);
				PRODUCT_BUNDLE_IDENTIFIER = uitableview.CollectionViewUITests;
				PRODUCT_NAME = "$(TARGET_NAME)";
				SWIFT_VERSION = 4.0;
				TARGETED_DEVICE_FAMILY = "1,2";
				TEST_TARGET_NAME = CollectionView;
			};
			name = Debug;
		};
		577D0AF920A595EE0005968E /* Release */ = {
			isa = XCBuildConfiguration;
			buildSettings = {
				ALWAYS_EMBED_SWIFT_STANDARD_LIBRARIES = YES;
				CODE_SIGN_STYLE = Automatic;
				DEVELOPMENT_TEAM = CK6QEZR7Y5;
				INFOPLIST_FILE = CollectionViewUITests/Info.plist;
				LD_RUNPATH_SEARCH_PATHS = (
					"$(inherited)",
					"@executable_path/Frameworks",
					"@loader_path/Frameworks",
				);
				PRODUCT_BUNDLE_IDENTIFIER = uitableview.CollectionViewUITests;
				PRODUCT_NAME = "$(TARGET_NAME)";
				SWIFT_VERSION = 4.0;
				TARGETED_DEVICE_FAMILY = "1,2";
				TEST_TARGET_NAME = CollectionView;
			};
			name = Release;
		};
/* End XCBuildConfiguration section */

/* Begin XCConfigurationList section */
		577D0AC420A595EB0005968E /* Build configuration list for PBXProject "CollectionView" */ = {
			isa = XCConfigurationList;
			buildConfigurations = (
				577D0AEF20A595EE0005968E /* Debug */,
				577D0AF020A595EE0005968E /* Release */,
			);
			defaultConfigurationIsVisible = 0;
			defaultConfigurationName = Release;
		};
		577D0AF120A595EE0005968E /* Build configuration list for PBXNativeTarget "CollectionView" */ = {
			isa = XCConfigurationList;
			buildConfigurations = (
				577D0AF220A595EE0005968E /* Debug */,
				577D0AF320A595EE0005968E /* Release */,
			);
			defaultConfigurationIsVisible = 0;
			defaultConfigurationName = Release;
		};
		577D0AF420A595EE0005968E /* Build configuration list for PBXNativeTarget "CollectionViewTests" */ = {
			isa = XCConfigurationList;
			buildConfigurations = (
				577D0AF520A595EE0005968E /* Debug */,
				577D0AF620A595EE0005968E /* Release */,
			);
			defaultConfigurationIsVisible = 0;
			defaultConfigurationName = Release;
		};
		577D0AF720A595EE0005968E /* Build configuration list for PBXNativeTarget "CollectionViewUITests" */ = {
			isa = XCConfigurationList;
			buildConfigurations = (
				577D0AF820A595EE0005968E /* Debug */,
				577D0AF920A595EE0005968E /* Release */,
			);
			defaultConfigurationIsVisible = 0;
			defaultConfigurationName = Release;
		};
/* End XCConfigurationList section */
	};
	rootObject = 577D0AC120A595EB0005968E /* Project object */;
}
